Microsoft Visual Studio Solution File, Format Version 11.00
# Visual Studio 2008

Project("{03E5B94B-C017-1A70-1B87-864A54A694E2}") = "Wizard_Kinect", "Assembly-CSharp-firstpass.csproj", "{8BAA163A-2247-24CA-D4B2-4BDD55323692}"
EndProject
Project("{03E5B94B-C017-1A70-1B87-864A54A694E2}") = "Wizard_Kinect", "Assembly-CSharp.csproj", "{245C563F-2216-F5B6-C5A8-FE31F41F40DE}"
EndProject
Project("{03E5B94B-C017-1A70-1B87-864A54A694E2}") = "Wizard_Kinect", "Assembly-CSharp-Editor-firstpass.csproj", "{8112BCD2-0F99-B458-0F19-464851D8F77A}"
EndProject
Global
	GlobalSection(SolutionConfigurationPlatforms) = preSolution
		Debug|Any CPU = Debug|Any CPU
		Release|Any CPU = Release|Any CPU
	EndGlobalSection
	GlobalSection(ProjectConfigurationPlatforms) = postSolution
		{8BAA163A-2247-24CA-D4B2-4BDD55323692}.Debug|Any CPU.ActiveCfg = Debug|Any CPU
		{8BAA163A-2247-24CA-D4B2-4BDD55323692}.Debug|Any CPU.Build.0 = Debug|Any CPU
		{8BAA163A-2247-24CA-D4B2-4BDD55323692}.Release|Any CPU.ActiveCfg = Release|Any CPU
		{8BAA163A-2247-24CA-D4B2-4BDD55323692}.Release|Any CPU.Build.0 = Release|Any CPU
		{245C563F-2216-F5B6-C5A8-FE31F41F40DE}.Debug|Any CPU.ActiveCfg = Debug|Any CPU
		{245C563F-2216-F5B6-C5A8-FE31F41F40DE}.Debug|Any CPU.Build.0 = Debug|Any CPU
		{245C563F-2216-F5B6-C5A8-FE31F41F40DE}.Release|Any CPU.ActiveCfg = Release|Any CPU
		{245C563F-2216-F5B6-C5A8-FE31F41F40DE}.Release|Any CPU.Build.0 = Release|Any CPU
		{8112BCD2-0F99-B458-0F19-464851D8F77A}.Debug|Any CPU.ActiveCfg = Debug|Any CPU
		{8112BCD2-0F99-B458-0F19-464851D8F77A}.Debug|Any CPU.Build.0 = Debug|Any CPU
		{8112BCD2-0F99-B458-0F19-464851D8F77A}.Release|Any CPU.ActiveCfg = Release|Any CPU
		{8112BCD2-0F99-B458-0F19-464851D8F77A}.Release|Any CPU.Build.0 = Release|Any CPU
	EndGlobalSection
	GlobalSection(SolutionProperties) = preSolution
		HideSolutionNode = FALSE
	EndGlobalSection
	GlobalSection(MonoDevelopProperties) = preSolution
		StartupItem = Assembly-CSharp.csproj
	EndGlobalSection
EndGlobal
